{
    "_meta": {
        "hash": {
            "sha256": "f01d3c613f9790b31c669c2399c59e1089e5b4f130a7cc199217da8a21c66b68"
        },
        "pipfile-spec": 6,
        "requires": {
            "python_version": "3.8"
        },
        "sources": [
            {
                "name": "pypi",
                "url": "https://pypi.org/simple",
                "verify_ssl": true
            }
        ]
    },
    "default": {
        "aioquic": {
            "hashes": [
                "sha256:0a59cb078596087175b05929401645d49b0e0a687bc79bac236d9a7a73874b65",
                "sha256:1cbdc4ff1160ff82b3b1722e62a138c0fff41557449320768476af14d5b1eac3",
                "sha256:2cf057ea1af7639754e006fb98911b81b5d059f41f112b84557ec9492b22fec3",
                "sha256:2d603eefc960d0dee531e0e8d63b7c376816fab4beb7931fec24667641903899",
                "sha256:2ed04fa08d2d843166c264a90096a4fc61a75e26cc4198a6e7e9956d068c20b0",
                "sha256:2f66d52fb56f7b82b645231a957484dde379d626266c82d59d6db97bb31dd53a",
                "sha256:33e7ab651b77f7961b5521627aaa50c950e7da902102121deaf343e19ff9c60b",
                "sha256:4d826a7f63eefd625f26c767dd2e369b74e25dc1cb7b03edb73f67c27ccd6ff6",
                "sha256:637a25b7fd56084de89ccf34c905de29cd285b6a6679dcca7f52a7fef54a839d",
                "sha256:65cac12342aee15e8bd56cc8fccf9fe6dd05745383b68f39c7de4c6884a73a53",
                "sha256:6e024ce011d7400525814ec31ee83c9b29e4b26c243d8f3ad002fe391730d87c",
                "sha256:71e8fcbc7e210a19fb690aa31563ed97fbb2f8050904938697f4cd66f82d94c2",
                "sha256:7701db87ec94e11c9fb62e109886963072e2316667543f1c65ae1bed7319b1eb",
                "sha256:81200673a5219df55b29a7a6df5a2b4a430ab88154af7536e434d3b495d257c5",
                "sha256:866fe2540684e0b9515fc6ca72dd0f8e8994a5bae9f1a08ad2ea0db59a6b3143",
                "sha256:8cb2c06f0b12a84db0a05269d9ae912cc9a1284021a893f71de37d06367597a4",
                "sha256:95474e05759aa08a0f9e10d094c2c9fffd3344e30b02ae70600ccc753c3ecce9",
                "sha256:9be8e5a0f3772e184d35ad9c2e86d9c1dbd2b05c9e9875e2e2baf4dd0fd1fe1e",
                "sha256:ad7a870d27af0ea8a1709ef57fe1a346d01681e17d7d357b614a9375224f33d7",
                "sha256:aff622def5208e1d0dc986e92e3f39ec7c9381c6e834bd42eef2d426f280d30b",
                "sha256:b5cbb0433dcd301947f2d2d87e1cd1875fa458fa0f187436ff3cf3bf01d9e656",
                "sha256:c55798a741947b18d2d77de77c54de8963f92cba561afb89b175274dd8758784",
                "sha256:c73131f3a7c26bc93d10b07fdc5cb1db3d6293ee9e000c0908c44b7c0e7e6026",
                "sha256:ddb95d79b53a442dca36db8e56bc89d0e4f6835175e8c1439b5fad32e61d1e3d",
                "sha256:ea83c04b5a4898a6fbc6d7616cd92fc276d3cef487fe987e7482e466175b0195",
                "sha256:ed24fa120282eb9698c42e6afea9bbf68d11dddcf034e1a653d0427b29d120d0",
                "sha256:f045efcfc669e3e02af42aac60e46c4ed3a054b2694ae3c23c123c052dc2490e"
            ],
            "index": "pypi",
            "version": "==0.9.7"
        },
        "certifi": {
            "hashes": [
                "sha256:1a4995114262bffbc2413b159f2a1a480c969de6e6eb13ee966d470af86af59c",
                "sha256:719a74fb9e33b9bd44cc7f3a8d94bc35e4049deebe19ba7d8e108280cfd59830"
            ],
            "version": "==2020.12.5"
        },
        "cffi": {
            "hashes": [
                "sha256:00a1ba5e2e95684448de9b89888ccd02c98d512064b4cb987d48f4b40aa0421e",
                "sha256:00e28066507bfc3fe865a31f325c8391a1ac2916219340f87dfad602c3e48e5d",
                "sha256:045d792900a75e8b1e1b0ab6787dd733a8190ffcf80e8c8ceb2fb10a29ff238a",
                "sha256:0638c3ae1a0edfb77c6765d487fee624d2b1ee1bdfeffc1f0b58c64d149e7eec",
                "sha256:105abaf8a6075dc96c1fe5ae7aae073f4696f2905fde6aeada4c9d2926752362",
                "sha256:155136b51fd733fa94e1c2ea5211dcd4c8879869008fc811648f16541bf99668",
                "sha256:1a465cbe98a7fd391d47dce4b8f7e5b921e6cd805ef421d04f5f66ba8f06086c",
                "sha256:1d2c4994f515e5b485fd6d3a73d05526aa0fcf248eb135996b088d25dfa1865b",
                "sha256:2c24d61263f511551f740d1a065eb0212db1dbbbbd241db758f5244281590c06",
                "sha256:51a8b381b16ddd370178a65360ebe15fbc1c71cf6f584613a7ea08bfad946698",
                "sha256:594234691ac0e9b770aee9fcdb8fa02c22e43e5c619456efd0d6c2bf276f3eb2",
                "sha256:5cf4be6c304ad0b6602f5c4e90e2f59b47653ac1ed9c662ed379fe48a8f26b0c",
                "sha256:64081b3f8f6f3c3de6191ec89d7dc6c86a8a43911f7ecb422c60e90c70be41c7",
                "sha256:6bc25fc545a6b3d57b5f8618e59fc13d3a3a68431e8ca5fd4c13241cd70d0009",
                "sha256:798caa2a2384b1cbe8a2a139d80734c9db54f9cc155c99d7cc92441a23871c03",
                "sha256:7c6b1dece89874d9541fc974917b631406233ea0440d0bdfbb8e03bf39a49b3b",
                "sha256:7ef7d4ced6b325e92eb4d3502946c78c5367bc416398d387b39591532536734e",
                "sha256:840793c68105fe031f34d6a086eaea153a0cd5c491cde82a74b420edd0a2b909",
                "sha256:8d6603078baf4e11edc4168a514c5ce5b3ba6e3e9c374298cb88437957960a53",
                "sha256:9cc46bc107224ff5b6d04369e7c595acb700c3613ad7bcf2e2012f62ece80c35",
                "sha256:9f7a31251289b2ab6d4012f6e83e58bc3b96bd151f5b5262467f4bb6b34a7c26",
                "sha256:9ffb888f19d54a4d4dfd4b3f29bc2c16aa4972f1c2ab9c4ab09b8ab8685b9c2b",
                "sha256:a5ed8c05548b54b998b9498753fb9cadbfd92ee88e884641377d8a8b291bcc01",
                "sha256:a7711edca4dcef1a75257b50a2fbfe92a65187c47dab5a0f1b9b332c5919a3fb",
                "sha256:af5c59122a011049aad5dd87424b8e65a80e4a6477419c0c1015f73fb5ea0293",
                "sha256:b18e0a9ef57d2b41f5c68beefa32317d286c3d6ac0484efd10d6e07491bb95dd",
                "sha256:b4e248d1087abf9f4c10f3c398896c87ce82a9856494a7155823eb45a892395d",
                "sha256:ba4e9e0ae13fc41c6b23299545e5ef73055213e466bd107953e4a013a5ddd7e3",
                "sha256:c6332685306b6417a91b1ff9fae889b3ba65c2292d64bd9245c093b1b284809d",
                "sha256:d5ff0621c88ce83a28a10d2ce719b2ee85635e85c515f12bac99a95306da4b2e",
                "sha256:d9efd8b7a3ef378dd61a1e77367f1924375befc2eba06168b6ebfa903a5e59ca",
                "sha256:df5169c4396adc04f9b0a05f13c074df878b6052430e03f50e68adf3a57aa28d",
                "sha256:ebb253464a5d0482b191274f1c8bf00e33f7e0b9c66405fbffc61ed2c839c775",
                "sha256:ec80dc47f54e6e9a78181ce05feb71a0353854cc26999db963695f950b5fb375",
                "sha256:f032b34669220030f905152045dfa27741ce1a6db3324a5bc0b96b6c7420c87b",
                "sha256:f60567825f791c6f8a592f3c6e3bd93dd2934e3f9dac189308426bd76b00ef3b",
                "sha256:f803eaa94c2fcda012c047e62bc7a51b0bdabda1cad7a92a522694ea2d76e49f"
            ],
            "version": "==1.14.4"
        },
        "cryptography": {
            "hashes": [
                "sha256:287032b6a7d86abc98e8e977b20138c53fea40e5b24e29090d5a675a973dcd10",
                "sha256:288c65eea20bd89b11102c47b118bc1e0749386b0a0dfebba414076c5d4c8188",
                "sha256:7eed937ad9b53280a5f53570d3a7dc93cb4412b6a3d58d4c6bb78cc26319c729",
                "sha256:dab437c2e84628703e3358f0f06555a6259bc5039209d51aa3b05af667ff4fd0",
                "sha256:ee5e19f0856b6fbbdbab15c2787ca65d203801d2d65d0b8de6218f424206c848",
                "sha256:f21be9ec6b44c223b2024bbe59d394fadc7be320d18a8d595419afadb6cd5620",
                "sha256:f6ea140d2736b7e1f0de4f988c43f76b0b3f3d365080e091715429ba218dce28"
            ],
            "version": "==3.4.4"
        },
        "pycparser": {
            "hashes": [
                "sha256:2d475327684562c3a96cc71adf7dc8c4f0565175cf86b6d7a404ff4c771f15f0",
                "sha256:7582ad22678f0fcd81102833f60ef8d0e57288b6b5fb00323d101be910e35705"
            ],
            "version": "==2.20"
        },
        "pylsqpack": {
            "hashes": [
                "sha256:04336f883f310beed4f4f3bb4709879761a234d001fb21afcc6755a04043b842",
                "sha256:233138ba8b78827773422ebfb19ed53127e6d4f2dfbef23434bcc3a75b804b95",
                "sha256:25e323bf0cdc732b564648b2e22cef334b503c19848b6b10b0db3c1040178f48",
                "sha256:2e41aec759734f9e4941f712086a32bc03085802207ba45b30a43464b9a6eae5",
                "sha256:2fddda908f1e04797d004f099fa953bd446fdad8065139237003a627596880d9",
                "sha256:32a644315c61d5a73d5847481fe2507decc91500322c8ae5e6787b5a899786df",
                "sha256:363a8d6bbd64413962dae25f7353b3e3ba8a9dd9a30e0dd99e7a1e1846b4a779",
                "sha256:3902629861f974b6b88437bbd5cbf0e0f9e328f4c58069ac7626690435856e18",
                "sha256:3c84077a55a145170ec75ae5b3a869d460361761d798c59af864bedbe8d7b3de",
                "sha256:3eb576a1636bc37f93decbdf490d1b951518139efb8972f98d4601066e618d41",
                "sha256:42324c78e3bba95bb743f874e68b455965d3737de31affc2c253a6599577a5e5",
                "sha256:44f898f9f11d57c2f88a4f89177c402c093d91b004904273cc6a56f6efe0a764",
                "sha256:49feecf515875592081f96dcab42ddf1e50ee29f61c7ce79e1d0cb66c4591967",
                "sha256:4b0e4374431a9e846e5c43368026e6b4d77c55ef5775bd091ad36cced7a48f18",
                "sha256:4c59abe3d3ed691f422fcd86fb8c5aa34f6f852af131a8157fcdb46723ef50f8",
                "sha256:57b199d228160fb4d366a265935b2d9278012f5b0f05e227ca8b70f659a880c1",
                "sha256:614939a4e89885a47c8163695059ed667b8777b2f8943b42fd774b4c97b26698",
                "sha256:659363b95ecb29c69c3222f09a4694521b1dfaf453056bdea2d1fbf65985ba34",
                "sha256:660326112271bf5d0e5f44cc1f2e25d5e22987fb6aae3b1dd1922b3efe2ac1fd",
                "sha256:66074b1b1c9c761518b080fbd8593c73ef80f1444b1a1f792992badc6cd63430",
                "sha256:66e7efc810d7bd2dd03525c39789942c41cdabbf7fdd375b3c1a1aaf72b63b0f",
                "sha256:6bf2b6a5e3ae8eca38a9c003ab7c5fc4c3680e56380c2cbc84c08e61332d73b4",
                "sha256:6c1da92cc2fa225074355f564d794bf7d57005534b8984c680cc9a3b3ca1b217",
                "sha256:71e974b7005da6d416427e33b769e78a2ed5e5d41b3486714cd40c7cf9229f3c",
                "sha256:7cfd98932c7cb3a39d75e6ae4c8d4516128e4683591bc2adb54dddec52b34dc8",
                "sha256:7ea7bc40f94867a4da58c875d3cfdc13fe88a447e051d62087a7be6cbcee2d2f",
                "sha256:7ed46fc27c06d03564db2f11974f8ee58fb7026331fb79e2014f9a164f3ccda7",
                "sha256:87bcded74563457da4c321bbecf283b20d6dd00f5a2925828f41f6f85f7c0aa7",
                "sha256:89c067bd4be35d6055511f63f7d077053965dc41f35057baa3ddee1d972ae221",
                "sha256:8ff8a2749efd870e3a7893f4e4cca26d7660d4a3adf670fb08457f2feb0a7619",
                "sha256:9212e6f0cfe7e00ee13a5e60f863eaf123ca9f7ecbfaa3cbcc3be1864f280676",
                "sha256:9fd2ab3049529f3317fe88c3ab9041bd0af78421ac3a5f226f303a829b6a208b",
                "sha256:a440ca4b343947b605902d33607f292b2f4f76e466d631035e11fe372e6e456d",
                "sha256:a501b9f49ab864948c454469add9e63b909300c24503cf458f35019901dbcf76",
                "sha256:bbdc5e1523b31ee3da07adc39c1034eee26f84688bad5d75c86d1c5740e811d3",
                "sha256:c0654dac162a842610ffc5f0297b89aa3b63ef73d7ee6a9db944120e1a9a90f2",
                "sha256:ccb4181b30b9bc952b5e3adbf8c37b3fff8c80fae21f47a645e810717ed9f2c7",
                "sha256:db48081caf0818265fc3b94c1e7e6da81e33722017c75cf64f97bccdc2832b27",
                "sha256:de86c2c244fe7e0b19c876aa79e8c8edf956f5b019423e2002ea456afce0ef10",
                "sha256:e3b27f75c19f6cf453fef46a430fc632b0a627b055ed3d2b98233b0caca72467",
                "sha256:e64f758850d5f4dbe82c65c75f91832dd4eaacf5a884000fcd508490abb3b9a2",
                "sha256:ebab88ba7948ae8556dfbaccb92356dc75740da88c2742b3d17a4afa6ae280dd",
                "sha256:f6ed0e5975fee0701f0d2d7a01c2122da8e64130b7240de96bbc891449f91956",
                "sha256:fc497933814545f3c54e35a1b4ebd85a93c2a670832440a0469128c5f501c8fc"
            ],
            "version": "==0.3.11"
        }
    },
    "develop": {
        "appdirs": {
            "hashes": [
                "sha256:7d5d0167b2b1ba821647616af46a749d1c653740dd0d2415100fe26e27afdf41",
                "sha256:a841dacd6b99318a741b166adb07e19ee71a274450e68237b4650ca1055ab128"
            ],
            "version": "==1.4.4"
        },
        "black": {
            "hashes": [
                "sha256:1c02557aa099101b9d21496f8a914e9ed2222ef70336404eeeac8edba836fbea"
            ],
            "index": "pypi",
            "version": "==20.8b1"
        },
        "cffi": {
            "hashes": [
                "sha256:00a1ba5e2e95684448de9b89888ccd02c98d512064b4cb987d48f4b40aa0421e",
                "sha256:00e28066507bfc3fe865a31f325c8391a1ac2916219340f87dfad602c3e48e5d",
                "sha256:045d792900a75e8b1e1b0ab6787dd733a8190ffcf80e8c8ceb2fb10a29ff238a",
                "sha256:0638c3ae1a0edfb77c6765d487fee624d2b1ee1bdfeffc1f0b58c64d149e7eec",
                "sha256:105abaf8a6075dc96c1fe5ae7aae073f4696f2905fde6aeada4c9d2926752362",
                "sha256:155136b51fd733fa94e1c2ea5211dcd4c8879869008fc811648f16541bf99668",
                "sha256:1a465cbe98a7fd391d47dce4b8f7e5b921e6cd805ef421d04f5f66ba8f06086c",
                "sha256:1d2c4994f515e5b485fd6d3a73d05526aa0fcf248eb135996b088d25dfa1865b",
                "sha256:2c24d61263f511551f740d1a065eb0212db1dbbbbd241db758f5244281590c06",
                "sha256:51a8b381b16ddd370178a65360ebe15fbc1c71cf6f584613a7ea08bfad946698",
                "sha256:594234691ac0e9b770aee9fcdb8fa02c22e43e5c619456efd0d6c2bf276f3eb2",
                "sha256:5cf4be6c304ad0b6602f5c4e90e2f59b47653ac1ed9c662ed379fe48a8f26b0c",
                "sha256:64081b3f8f6f3c3de6191ec89d7dc6c86a8a43911f7ecb422c60e90c70be41c7",
                "sha256:6bc25fc545a6b3d57b5f8618e59fc13d3a3a68431e8ca5fd4c13241cd70d0009",
                "sha256:798caa2a2384b1cbe8a2a139d80734c9db54f9cc155c99d7cc92441a23871c03",
                "sha256:7c6b1dece89874d9541fc974917b631406233ea0440d0bdfbb8e03bf39a49b3b",
                "sha256:7ef7d4ced6b325e92eb4d3502946c78c5367bc416398d387b39591532536734e",
                "sha256:840793c68105fe031f34d6a086eaea153a0cd5c491cde82a74b420edd0a2b909",
                "sha256:8d6603078baf4e11edc4168a514c5ce5b3ba6e3e9c374298cb88437957960a53",
                "sha256:9cc46bc107224ff5b6d04369e7c595acb700c3613ad7bcf2e2012f62ece80c35",
                "sha256:9f7a31251289b2ab6d4012f6e83e58bc3b96bd151f5b5262467f4bb6b34a7c26",
                "sha256:9ffb888f19d54a4d4dfd4b3f29bc2c16aa4972f1c2ab9c4ab09b8ab8685b9c2b",
                "sha256:a5ed8c05548b54b998b9498753fb9cadbfd92ee88e884641377d8a8b291bcc01",
                "sha256:a7711edca4dcef1a75257b50a2fbfe92a65187c47dab5a0f1b9b332c5919a3fb",
                "sha256:af5c59122a011049aad5dd87424b8e65a80e4a6477419c0c1015f73fb5ea0293",
                "sha256:b18e0a9ef57d2b41f5c68beefa32317d286c3d6ac0484efd10d6e07491bb95dd",
                "sha256:b4e248d1087abf9f4c10f3c398896c87ce82a9856494a7155823eb45a892395d",
                "sha256:ba4e9e0ae13fc41c6b23299545e5ef73055213e466bd107953e4a013a5ddd7e3",
                "sha256:c6332685306b6417a91b1ff9fae889b3ba65c2292d64bd9245c093b1b284809d",
                "sha256:d5ff0621c88ce83a28a10d2ce719b2ee85635e85c515f12bac99a95306da4b2e",
                "sha256:d9efd8b7a3ef378dd61a1e77367f1924375befc2eba06168b6ebfa903a5e59ca",
                "sha256:df5169c4396adc04f9b0a05f13c074df878b6052430e03f50e68adf3a57aa28d",
                "sha256:ebb253464a5d0482b191274f1c8bf00e33f7e0b9c66405fbffc61ed2c839c775",
                "sha256:ec80dc47f54e6e9a78181ce05feb71a0353854cc26999db963695f950b5fb375",
                "sha256:f032b34669220030f905152045dfa27741ce1a6db3324a5bc0b96b6c7420c87b",
                "sha256:f60567825f791c6f8a592f3c6e3bd93dd2934e3f9dac189308426bd76b00ef3b",
                "sha256:f803eaa94c2fcda012c047e62bc7a51b0bdabda1cad7a92a522694ea2d76e49f"
            ],
            "version": "==1.14.4"
        },
        "click": {
            "hashes": [
                "sha256:681c9380a24b22fec089c8e5ffe40aa16a0da79f248a26fe2481bfa8170bfcc1",
                "sha256:e4315a188403c0258bbc4a4e31863e48fc301c4e95b8007a8eeda0391158df13"
            ],
            "version": "==8.0.0a1"
        },
        "cryptography": {
            "hashes": [
                "sha256:287032b6a7d86abc98e8e977b20138c53fea40e5b24e29090d5a675a973dcd10",
                "sha256:288c65eea20bd89b11102c47b118bc1e0749386b0a0dfebba414076c5d4c8188",
                "sha256:7eed937ad9b53280a5f53570d3a7dc93cb4412b6a3d58d4c6bb78cc26319c729",
                "sha256:dab437c2e84628703e3358f0f06555a6259bc5039209d51aa3b05af667ff4fd0",
                "sha256:ee5e19f0856b6fbbdbab15c2787ca65d203801d2d65d0b8de6218f424206c848",
                "sha256:f21be9ec6b44c223b2024bbe59d394fadc7be320d18a8d595419afadb6cd5620",
                "sha256:f6ea140d2736b7e1f0de4f988c43f76b0b3f3d365080e091715429ba218dce28"
            ],
            "version": "==3.4.4"
        },
        "flake8": {
            "hashes": [
                "sha256:749dbbd6bfd0cf1318af27bf97a14e28e5ff548ef8e5b1566ccfb25a11e7c839",
                "sha256:aadae8761ec651813c24be05c6f7b4680857ef6afaae4651a4eccaef97ce6c3b"
            ],
            "index": "pypi",
            "version": "==3.8.4"
        },
        "mccabe": {
            "hashes": [
                "sha256:ab8a6258860da4b6677da4bd2fe5dc2c659cff31b3ee4f7f5d64e79735b80d42",
                "sha256:dd8d182285a0fe56bace7f45b5e7d1a6ebcbf524e8f3bd87eb0f125271b8831f"
            ],
            "version": "==0.6.1"
        },
        "mypy-extensions": {
            "hashes": [
                "sha256:090fedd75945a69ae91ce1303b5824f428daf5a028d2f6ab8a299250a846f15d",
                "sha256:2d82818f5bb3e369420cb3c4060a7970edba416647068eb4c5343488a6c604a8"
            ],
            "version": "==0.4.3"
        },
        "pathspec": {
            "hashes": [
                "sha256:86379d6b86d75816baba717e64b1a3a3469deb93bb76d613c9ce79edc5cb68fd",
                "sha256:aa0cb481c4041bf52ffa7b0d8fa6cd3e88a2ca4879c533c9153882ee2556790d"
            ],
            "version": "==0.8.1"
        },
        "pycodestyle": {
            "hashes": [
                "sha256:2295e7b2f6b5bd100585ebcb1f616591b652db8a741695b3d8f5d28bdc934367",
                "sha256:c58a7d2815e0e8d7972bf1803331fb0152f867bd89adf8a01dfd55085434192e"
            ],
            "index": "pypi",
            "version": "==2.6.0"
        },
        "pycparser": {
            "hashes": [
                "sha256:2d475327684562c3a96cc71adf7dc8c4f0565175cf86b6d7a404ff4c771f15f0",
                "sha256:7582ad22678f0fcd81102833f60ef8d0e57288b6b5fb00323d101be910e35705"
            ],
            "version": "==2.20"
        },
        "pyflakes": {
            "hashes": [
                "sha256:0d94e0e05a19e57a99444b6ddcf9a6eb2e5c68d3ca1e98e90707af8152c90a92",
                "sha256:35b2d75ee967ea93b55750aa9edbbf72813e06a66ba54438df2cfac9e3c27fc8"
            ],
            "version": "==2.2.0"
        },
        "regex": {
            "hashes": [
                "sha256:02951b7dacb123d8ea6da44fe45ddd084aa6777d4b2454fa0da61d569c6fa538",
                "sha256:0d08e71e70c0237883d0bef12cad5145b84c3705e9c6a588b2a9c7080e5af2a4",
                "sha256:1862a9d9194fae76a7aaf0150d5f2a8ec1da89e8b55890b1786b8f88a0f619dc",
                "sha256:1ab79fcb02b930de09c76d024d279686ec5d532eb814fd0ed1e0051eb8bd2daa",
                "sha256:1fa7ee9c2a0e30405e21031d07d7ba8617bc590d391adfc2b7f1e8b99f46f444",
                "sha256:262c6825b309e6485ec2493ffc7e62a13cf13fb2a8b6d212f72bd53ad34118f1",
                "sha256:2a11a3e90bd9901d70a5b31d7dd85114755a581a5da3fc996abfefa48aee78af",
                "sha256:2c99e97d388cd0a8d30f7c514d67887d8021541b875baf09791a3baad48bb4f8",
                "sha256:3128e30d83f2e70b0bed9b2a34e92707d0877e460b402faca908c6667092ada9",
                "sha256:38c8fd190db64f513fe4e1baa59fed086ae71fa45083b6936b52d34df8f86a88",
                "sha256:3bddc701bdd1efa0d5264d2649588cbfda549b2899dc8d50417e47a82e1387ba",
                "sha256:4902e6aa086cbb224241adbc2f06235927d5cdacffb2425c73e6570e8d862364",
                "sha256:49cae022fa13f09be91b2c880e58e14b6da5d10639ed45ca69b85faf039f7a4e",
                "sha256:56e01daca75eae420bce184edd8bb341c8eebb19dd3bce7266332258f9fb9dd7",
                "sha256:5862975b45d451b6db51c2e654990c1820523a5b07100fc6903e9c86575202a0",
                "sha256:6a8ce43923c518c24a2579fda49f093f1397dad5d18346211e46f134fc624e31",
                "sha256:6c54ce4b5d61a7129bad5c5dc279e222afd00e721bf92f9ef09e4fae28755683",
                "sha256:6e4b08c6f8daca7d8f07c8d24e4331ae7953333dbd09c648ed6ebd24db5a10ee",
                "sha256:717881211f46de3ab130b58ec0908267961fadc06e44f974466d1887f865bd5b",
                "sha256:749078d1eb89484db5f34b4012092ad14b327944ee7f1c4f74d6279a6e4d1884",
                "sha256:7913bd25f4ab274ba37bc97ad0e21c31004224ccb02765ad984eef43e04acc6c",
                "sha256:7a25fcbeae08f96a754b45bdc050e1fb94b95cab046bf56b016c25e9ab127b3e",
                "sha256:83d6b356e116ca119db8e7c6fc2983289d87b27b3fac238cfe5dca529d884562",
                "sha256:8b882a78c320478b12ff024e81dc7d43c1462aa4a3341c754ee65d857a521f85",
                "sha256:8f6a2229e8ad946e36815f2a03386bb8353d4bde368fdf8ca5f0cb97264d3b5c",
                "sha256:9801c4c1d9ae6a70aeb2128e5b4b68c45d4f0af0d1535500884d644fa9b768c6",
                "sha256:a15f64ae3a027b64496a71ab1f722355e570c3fac5ba2801cafce846bf5af01d",
                "sha256:a3d748383762e56337c39ab35c6ed4deb88df5326f97a38946ddd19028ecce6b",
                "sha256:a63f1a07932c9686d2d416fb295ec2c01ab246e89b4d58e5fa468089cab44b70",
                "sha256:b2b1a5ddae3677d89b686e5c625fc5547c6e492bd755b520de5332773a8af06b",
                "sha256:b2f4007bff007c96a173e24dcda236e5e83bde4358a557f9ccf5e014439eae4b",
                "sha256:baf378ba6151f6e272824b86a774326f692bc2ef4cc5ce8d5bc76e38c813a55f",
                "sha256:bafb01b4688833e099d79e7efd23f99172f501a15c44f21ea2118681473fdba0",
                "sha256:bba349276b126947b014e50ab3316c027cac1495992f10e5682dc677b3dfa0c5",
                "sha256:c084582d4215593f2f1d28b65d2a2f3aceff8342aa85afd7be23a9cad74a0de5",
                "sha256:d1ebb090a426db66dd80df8ca85adc4abfcbad8a7c2e9a5ec7513ede522e0a8f",
                "sha256:d2d8ce12b7c12c87e41123997ebaf1a5767a5be3ec545f64675388970f415e2e",
                "sha256:e32f5f3d1b1c663af7f9c4c1e72e6ffe9a78c03a31e149259f531e0fed826512",
                "sha256:e3faaf10a0d1e8e23a9b51d1900b72e1635c2d5b0e1bea1c18022486a8e2e52d",
                "sha256:f7d29a6fc4760300f86ae329e3b6ca28ea9c20823df123a2ea8693e967b29917",
                "sha256:f8f295db00ef5f8bae530fc39af0b40486ca6068733fb860b42115052206466f"
            ],
            "version": "==2020.11.13"
        },
        "six": {
            "hashes": [
                "sha256:30639c035cdb23534cd4aa2dd52c3bf48f06e5f4a941509c8bafd8ce11080259",
                "sha256:8b74bedcbbbaca38ff6d7491d76f2b06b3592611af620f8426e82dddb04a5ced"
            ],
            "version": "==1.15.0"
        },
        "toml": {
            "hashes": [
                "sha256:806143ae5bfb6a3c6e736a764057db0e6a0e05e338b5630894a5f779cabb4f9b",
                "sha256:b3bda1d108d5dd99f4a20d24d9c348e91c4db7ab1b749200bded2f839ccbe68f"
            ],
            "version": "==0.10.2"
        },
        "typed-ast": {
            "hashes": [
                "sha256:07d49388d5bf7e863f7fa2f124b1b1d89d8aa0e2f7812faff0a5658c01c59aa1",
                "sha256:14bf1522cdee369e8f5581238edac09150c765ec1cb33615855889cf33dcb92d",
                "sha256:240296b27397e4e37874abb1df2a608a92df85cf3e2a04d0d4d61055c8305ba6",
                "sha256:36d829b31ab67d6fcb30e185ec996e1f72b892255a745d3a82138c97d21ed1cd",
                "sha256:37f48d46d733d57cc70fd5f30572d11ab8ed92da6e6b28e024e4a3edfb456e37",
                "sha256:4c790331247081ea7c632a76d5b2a265e6d325ecd3179d06e9cf8d46d90dd151",
                "sha256:5dcfc2e264bd8a1db8b11a892bd1647154ce03eeba94b461effe68790d8b8e07",
                "sha256:7147e2a76c75f0f64c4319886e7639e490fee87c9d25cb1d4faef1d8cf83a440",
                "sha256:7703620125e4fb79b64aa52427ec192822e9f45d37d4b6625ab37ef403e1df70",
                "sha256:8368f83e93c7156ccd40e49a783a6a6850ca25b556c0fa0240ed0f659d2fe496",
                "sha256:84aa6223d71012c68d577c83f4e7db50d11d6b1399a9c779046d75e24bed74ea",
                "sha256:85f95aa97a35bdb2f2f7d10ec5bbdac0aeb9dafdaf88e17492da0504de2e6400",
                "sha256:8db0e856712f79c45956da0c9a40ca4246abc3485ae0d7ecc86a20f5e4c09abc",
                "sha256:9044ef2df88d7f33692ae3f18d3be63dec69c4fb1b5a4a9ac950f9b4ba571606",
                "sha256:963c80b583b0661918718b095e02303d8078950b26cc00b5e5ea9ababe0de1fc",
                "sha256:987f15737aba2ab5f3928c617ccf1ce412e2e321c77ab16ca5a293e7bbffd581",
                "sha256:9ec45db0c766f196ae629e509f059ff05fc3148f9ffd28f3cfe75d4afb485412",
                "sha256:9fc0b3cb5d1720e7141d103cf4819aea239f7d136acf9ee4a69b047b7986175a",
                "sha256:a2c927c49f2029291fbabd673d51a2180038f8cd5a5b2f290f78c4516be48be2",
                "sha256:a38878a223bdd37c9709d07cd357bb79f4c760b29210e14ad0fb395294583787",
                "sha256:b4fcdcfa302538f70929eb7b392f536a237cbe2ed9cba88e3bf5027b39f5f77f",
                "sha256:c0c74e5579af4b977c8b932f40a5464764b2f86681327410aa028a22d2f54937",
                "sha256:c1c876fd795b36126f773db9cbb393f19808edd2637e00fd6caba0e25f2c7b64",
                "sha256:c9aadc4924d4b5799112837b226160428524a9a45f830e0d0f184b19e4090487",
                "sha256:cc7b98bf58167b7f2db91a4327da24fb93368838eb84a44c472283778fc2446b",
                "sha256:cf54cfa843f297991b7388c281cb3855d911137223c6b6d2dd82a47ae5125a41",
                "sha256:d003156bb6a59cda9050e983441b7fa2487f7800d76bdc065566b7d728b4581a",
                "sha256:d175297e9533d8d37437abc14e8a83cbc68af93cc9c1c59c2c292ec59a0697a3",
                "sha256:d746a437cdbca200622385305aedd9aef68e8a645e385cc483bdc5e488f07166",
                "sha256:e683e409e5c45d5c9082dc1daf13f6374300806240719f95dc783d1fc942af10"
            ],
            "version": "==1.4.2"
        },
        "typing-extensions": {
            "hashes": [
                "sha256:7cb407020f00f7bfc3cb3e7881628838e69d8f3fcab2f64742a5e76b2f841918",
                "sha256:99d4073b617d30288f569d3f13d2bd7548c3a7e4c8de87db09a9d29bb3a4a60c",
                "sha256:dafc7639cde7f1b6e1acc0f457842a83e722ccca8eef5270af2d74792619a89f"
            ],
            "version": "==3.7.4.3"
        }
    }
}
